// !$*UTF8*$!
{
	archiveVersion = 1;
	classes = {
	};
	objectVersion = 77;
	objects = {

/* Begin PBXBuildFile section */
		9497B3812DB6180300FB8B92 /* Assets.xcassets in Resources */ = {isa = PBXBuildFile; fileRef = 9497B3792DB6180300FB8B92 /* Assets.xcassets */; };
		9497B3832DB6180300FB8B92 /* LaunchScreen.storyboard in Resources */ = {isa = PBXBuildFile; fileRef = 9497B37B2DB6180300FB8B92 /* LaunchScreen.storyboard */; };
		9497B3842DB6180300FB8B92 /* Main.storyboard in Resources */ = {isa = PBXBuildFile; fileRef = 9497B37C2DB6180300FB8B92 /* Main.storyboard */; };
		9497B3852DB6180300FB8B92 /* AppDelegate.swift in Sources */ = {isa = PBXBuildFile; fileRef = 9497B3782DB6180300FB8B92 /* AppDelegate.swift */; };
		9497B3862DB6180300FB8B92 /* SceneDelegate.swift in Sources */ = {isa = PBXBuildFile; fileRef = 9497B37D2DB6180300FB8B92 /* SceneDelegate.swift */; };
		9497B3872DB6180300FB8B92 /* ViewController.swift in Sources */ = {isa = PBXBuildFile; fileRef = 9497B37E2DB6180300FB8B92 /* ViewController.swift */; };
		9497B38F2DB61F7200FB8B92 /* Roboto-Italic-VariableFont_wdth,wght.ttf in Resources */ = {isa = PBXBuildFile; fileRef = 9497B38D2DB61F7200FB8B92 /* Roboto-Italic-VariableFont_wdth,wght.ttf */; };
		9497B3902DB61F7200FB8B92 /* Roboto-VariableFont_wdth,wght.ttf in Resources */ = {isa = PBXBuildFile; fileRef = 9497B38E2DB61F7200FB8B92 /* Roboto-VariableFont_wdth,wght.ttf */; };
		9497B3932DB621D100FB8B92 /* UIFont+Extensions.swift in Sources */ = {isa = PBXBuildFile; fileRef = 9497B3922DB621D100FB8B92 /* UIFont+Extensions.swift */; };
		9497B3952DB62D5800FB8B92 /* UIColor+Extensions.swift in Sources */ = {isa = PBXBuildFile; fileRef = 9497B3942DB62D5800FB8B92 /* UIColor+Extensions.swift */; };
/* End PBXBuildFile section */

/* Begin PBXFileReference section */
		9497B3502DB281FD00FB8B92 /* Jokes.app */ = {isa = PBXFileReference; explicitFileType = wrapper.application; includeInIndex = 0; path = Jokes.app; sourceTree = BUILT_PRODUCTS_DIR; };
		9497B3782DB6180300FB8B92 /* AppDelegate.swift */ = {isa = PBXFileReference; lastKnownFileType = sourcecode.swift; path = AppDelegate.swift; sourceTree = "<group>"; };
		9497B3792DB6180300FB8B92 /* Assets.xcassets */ = {isa = PBXFileReference; lastKnownFileType = folder.assetcatalog; path = Assets.xcassets; sourceTree = "<group>"; };
		9497B37A2DB6180300FB8B92 /* Info.plist */ = {isa = PBXFileReference; lastKnownFileType = text.plist.xml; path = Info.plist; sourceTree = "<group>"; };
		9497B37D2DB6180300FB8B92 /* SceneDelegate.swift */ = {isa = PBXFileReference; lastKnownFileType = sourcecode.swift; path = SceneDelegate.swift; sourceTree = "<group>"; };
		9497B37E2DB6180300FB8B92 /* ViewController.swift */ = {isa = PBXFileReference; lastKnownFileType = sourcecode.swift; path = ViewController.swift; sourceTree = "<group>"; };
		9497B37F2DB6180300FB8B92 /* Base */ = {isa = PBXFileReference; lastKnownFileType = file.storyboard; name = Base; path = Base.lproj/LaunchScreen.storyboard; sourceTree = "<group>"; };
		9497B3802DB6180300FB8B92 /* Base */ = {isa = PBXFileReference; lastKnownFileType = file.storyboard; name = Base; path = Base.lproj/Main.storyboard; sourceTree = "<group>"; };
		9497B38D2DB61F7200FB8B92 /* Roboto-Italic-VariableFont_wdth,wght.ttf */ = {isa = PBXFileReference; lastKnownFileType = file; path = "Roboto-Italic-VariableFont_wdth,wght.ttf"; sourceTree = "<group>"; };
		9497B38E2DB61F7200FB8B92 /* Roboto-VariableFont_wdth,wght.ttf */ = {isa = PBXFileReference; lastKnownFileType = file; path = "Roboto-VariableFont_wdth,wght.ttf"; sourceTree = "<group>"; };
		9497B3922DB621D100FB8B92 /* UIFont+Extensions.swift */ = {isa = PBXFileReference; lastKnownFileType = sourcecode.swift; path = "UIFont+Extensions.swift"; sourceTree = "<group>"; };
		9497B3942DB62D5800FB8B92 /* UIColor+Extensions.swift */ = {isa = PBXFileReference; lastKnownFileType = sourcecode.swift; path = "UIColor+Extensions.swift"; sourceTree = "<group>"; };
/* End PBXFileReference section */

/* Begin PBXFrameworksBuildPhase section */
		9497B34D2DB281FD00FB8B92 /* Frameworks */ = {
			isa = PBXFrameworksBuildPhase;
			buildActionMask = 2147483647;
			files = (
			);
			runOnlyForDeploymentPostprocessing = 0;
		};
/* End PBXFrameworksBuildPhase section */

/* Begin PBXGroup section */
		9497B3472DB281FD00FB8B92 = {
			isa = PBXGroup;
			children = (
				9497B3882DB61D4000FB8B92 /* Jokes */,
				9497B3512DB281FD00FB8B92 /* Products */,
			);
			sourceTree = "<group>";
		};
		9497B3512DB281FD00FB8B92 /* Products */ = {
			isa = PBXGroup;
			children = (
				9497B3502DB281FD00FB8B92 /* Jokes.app */,
			);
			name = Products;
			sourceTree = "<group>";
		};
		9497B3882DB61D4000FB8B92 /* Jokes */ = {
			isa = PBXGroup;
			children = (
				9497B3912DB6200800FB8B92 /* Extensions */,
				9497B38A2DB61E3600FB8B92 /* Resources */,
				9497B3892DB61E2600FB8B92 /* Presentation */,
				9497B3782DB6180300FB8B92 /* AppDelegate.swift */,
				9497B37D2DB6180300FB8B92 /* SceneDelegate.swift */,
			);
			path = Jokes;
			sourceTree = "<group>";
		};
		9497B3892DB61E2600FB8B92 /* Presentation */ = {
			isa = PBXGroup;
			children = (
				9497B37E2DB6180300FB8B92 /* ViewController.swift */,
				9497B37C2DB6180300FB8B92 /* Main.storyboard */,
			);
			path = Presentation;
			sourceTree = "<group>";
		};
		9497B38A2DB61E3600FB8B92 /* Resources */ = {
			isa = PBXGroup;
			children = (
				9497B38B2DB61E6100FB8B92 /* Fonts */,
				9497B3792DB6180300FB8B92 /* Assets.xcassets */,
				9497B37A2DB6180300FB8B92 /* Info.plist */,
				9497B37B2DB6180300FB8B92 /* LaunchScreen.storyboard */,
			);
			path = Resources;
			sourceTree = "<group>";
		};
		9497B38B2DB61E6100FB8B92 /* Fonts */ = {
			isa = PBXGroup;
			children = (
				9497B38C2DB61E7400FB8B92 /* Roboto */,
			);
			path = Fonts;
			sourceTree = "<group>";
		};
		9497B38C2DB61E7400FB8B92 /* Roboto */ = {
			isa = PBXGroup;
			children = (
				9497B38D2DB61F7200FB8B92 /* Roboto-Italic-VariableFont_wdth,wght.ttf */,
				9497B38E2DB61F7200FB8B92 /* Roboto-VariableFont_wdth,wght.ttf */,
			);
			path = Roboto;
			sourceTree = "<group>";
		};
		9497B3912DB6200800FB8B92 /* Extensions */ = {
			isa = PBXGroup;
			children = (
				9497B3922DB621D100FB8B92 /* UIFont+Extensions.swift */,
				9497B3942DB62D5800FB8B92 /* UIColor+Extensions.swift */,
			);
			path = Extensions;
			sourceTree = "<group>";
		};
/* End PBXGroup section */

/* Begin PBXNativeTarget section */
		9497B34F2DB281FD00FB8B92 /* Jokes */ = {
			isa = PBXNativeTarget;
			buildConfigurationList = 9497B3632DB2820300FB8B92 /* Build configuration list for PBXNativeTarget "Jokes" */;
			buildPhases = (
				9497B34C2DB281FD00FB8B92 /* Sources */,
				9497B34D2DB281FD00FB8B92 /* Frameworks */,
				9497B34E2DB281FD00FB8B92 /* Resources */,
			);
			buildRules = (
			);
			dependencies = (
			);
			name = Jokes;
			packageProductDependencies = (
			);
			productName = Jokes;
			productReference = 9497B3502DB281FD00FB8B92 /* Jokes.app */;
			productType = "com.apple.product-type.application";
		};
/* End PBXNativeTarget section */

/* Begin PBXProject section */
		9497B3482DB281FD00FB8B92 /* Project object */ = {
			isa = PBXProject;
			attributes = {
				BuildIndependentTargetsInParallel = 1;
				LastSwiftUpdateCheck = 1620;
				LastUpgradeCheck = 1620;
				TargetAttributes = {
					9497B34F2DB281FD00FB8B92 = {
						CreatedOnToolsVersion = 16.2;
					};
				};
			};
			buildConfigurationList = 9497B34B2DB281FD00FB8B92 /* Build configuration list for PBXProject "Jokes" */;
			developmentRegion = en;
			hasScannedForEncodings = 0;
			knownRegions = (
				en,
				Base,
			);
			mainGroup = 9497B3472DB281FD00FB8B92;
			minimizedProjectReferenceProxies = 1;
			preferredProjectObjectVersion = 77;
			productRefGroup = 9497B3512DB281FD00FB8B92 /* Products */;
			projectDirPath = "";
			projectRoot = "";
			targets = (
				9497B34F2DB281FD00FB8B92 /* Jokes */,
			);
		};
/* End PBXProject section */

/* Begin PBXResourcesBuildPhase section */
		9497B34E2DB281FD00FB8B92 /* Resources */ = {
			isa = PBXResourcesBuildPhase;
			buildActionMask = 2147483647;
			files = (
				9497B3812DB6180300FB8B92 /* Assets.xcassets in Resources */,
				9497B3832DB6180300FB8B92 /* LaunchScreen.storyboard in Resources */,
				9497B38F2DB61F7200FB8B92 /* Roboto-Italic-VariableFont_wdth,wght.ttf in Resources */,
				9497B3902DB61F7200FB8B92 /* Roboto-VariableFont_wdth,wght.ttf in Resources */,
				9497B3842DB6180300FB8B92 /* Main.storyboard in Resources */,
			);
			runOnlyForDeploymentPostprocessing = 0;
		};
/* End PBXResourcesBuildPhase section */

/* Begin PBXSourcesBuildPhase section */
		9497B34C2DB281FD00FB8B92 /* Sources */ = {
			isa = PBXSourcesBuildPhase;
			buildActionMask = 2147483647;
			files = (
				9497B3852DB6180300FB8B92 /* AppDelegate.swift in Sources */,
				9497B3952DB62D5800FB8B92 /* UIColor+Extensions.swift in Sources */,
				9497B3862DB6180300FB8B92 /* SceneDelegate.swift in Sources */,
				9497B3932DB621D100FB8B92 /* UIFont+Extensions.swift in Sources */,
				9497B3872DB6180300FB8B92 /* ViewController.swift in Sources */,
			);
			runOnlyForDeploymentPostprocessing = 0;
		};
/* End PBXSourcesBuildPhase section */

/* Begin PBXVariantGroup section */
		9497B37B2DB6180300FB8B92 /* LaunchScreen.storyboard */ = {
			isa = PBXVariantGroup;
			children = (
				9497B37F2DB6180300FB8B92 /* Base */,
			);
			name = LaunchScreen.storyboard;
			sourceTree = "<group>";
		};
		9497B37C2DB6180300FB8B92 /* Main.storyboard */ = {
			isa = PBXVariantGroup;
			children = (
				9497B3802DB6180300FB8B92 /* Base */,
			);
			name = Main.storyboard;
			sourceTree = "<group>";
		};
/* End PBXVariantGroup section */

/* Begin XCBuildConfiguration section */
		9497B3642DB2820300FB8B92 /* Debug */ = {
			isa = XCBuildConfiguration;
			buildSettings = {
				ASSETCATALOG_COMPILER_APPICON_NAME = AppIcon;
				ASSETCATALOG_COMPILER_GLOBAL_ACCENT_COLOR_NAME = AccentColor;
				CODE_SIGN_STYLE = Automatic;
				CURRENT_PROJECT_VERSION = 1;
				DEVELOPMENT_TEAM = 9CRL79R2YB;
				GENERATE_INFOPLIST_FILE = YES;
				INFOPLIST_FILE = Jokes/Resources/Info.plist;
				INFOPLIST_KEY_UIApplicationSupportsIndirectInputEvents = YES;
				INFOPLIST_KEY_UILaunchStoryboardName = LaunchScreen;
				INFOPLIST_KEY_UIMainStoryboardFile = Main;
				INFOPLIST_KEY_UIStatusBarHidden = YES;
				INFOPLIST_KEY_UISupportedInterfaceOrientations = UIInterfaceOrientationPortrait;
				INFOPLIST_KEY_UISupportedInterfaceOrientations_iPad = "UIInterfaceOrientationLandscapeLeft UIInterfaceOrientationLandscapeRight UIInterfaceOrientationPortrait UIInterfaceOrientationPortraitUpsideDown";
				IPHONEOS_DEPLOYMENT_TARGET = 15.0;
				LD_RUNPATH_SEARCH_PATHS = (
					"$(inherited)",
					"@executable_path/Frameworks",
				);
				MARKETING_VERSION = 1.0;
				PRODUCT_BUNDLE_IDENTIFIER = redmadcat.Jokes;
				PRODUCT_NAME = "$(TARGET_NAME)";
				SUPPORTED_PLATFORMS = "iphoneos iphonesimulator";
				SUPPORTS_MACCATALYST = NO;
				SWIFT_EMIT_LOC_STRINGS = YES;
				SWIFT_VERSION = 5.0;
				TARGETED_DEVICE_FAMILY = 1;
			};
			name = Debug;
		};
		9497B3652DB2820300FB8B92 /* Release */ = {
			isa = XCBuildConfiguration;
			buildSettings = {
				ASSETCATALOG_COMPILER_APPICON_NAME = AppIcon;
				ASSETCATALOG_COMPILER_GLOBAL_ACCENT_COLOR_NAME = AccentColor;
				CODE_SIGN_STYLE = Automatic;
				CURRENT_PROJECT_VERSION = 1;
				DEVELOPMENT_TEAM = 9CRL79R2YB;
				GENERATE_INFOPLIST_FILE = YES;
				INFOPLIST_FILE = Jokes/Resources/Info.plist;
				INFOPLIST_KEY_UIApplicationSupportsIndirectInputEvents = YES;
				INFOPLIST_KEY_UILaunchStoryboardName = LaunchScreen;
				INFOPLIST_KEY_UIMainStoryboardFile = Main;
				INFOPLIST_KEY_UIStatusBarHidden = YES;
				INFOPLIST_KEY_UISupportedInterfaceOrientations = UIInterfaceOrientationPortrait;
				INFOPLIST_KEY_UISupportedInterfaceOrientations_iPad = "UIInterfaceOrientationLandscapeLeft UIInterfaceOrientationLandscapeRight UIInterfaceOrientationPortrait UIInterfaceOrientationPortraitUpsideDown";
				IPHONEOS_DEPLOYMENT_TARGET = 15.0;
				LD_RUNPATH_SEARCH_PATHS = (
					"$(inherited)",
					"@executable_path/Frameworks",
				);
				MARKETING_VERSION = 1.0;
				PRODUCT_BUNDLE_IDENTIFIER = redmadcat.Jokes;
				PRODUCT_NAME = "$(TARGET_NAME)";
				SUPPORTED_PLATFORMS = "iphoneos iphonesimulator";
				SUPPORTS_MACCATALYST = NO;
				SWIFT_EMIT_LOC_STRINGS = YES;
				SWIFT_VERSION = 5.0;
				TARGETED_DEVICE_FAMILY = 1;
			};
			name = Release;
		};
		9497B3662DB2820300FB8B92 /* Debug */ = {
			isa = XCBuildConfiguration;
			buildSettings = {
				ALWAYS_SEARCH_USER_PATHS = NO;
				ASSETCATALOG_COMPILER_GENERATE_SWIFT_ASSET_SYMBOL_EXTENSIONS = YES;
				CLANG_ANALYZER_NONNULL = YES;
				CLANG_ANALYZER_NUMBER_OBJECT_CONVERSION = YES_AGGRESSIVE;
				CLANG_CXX_LANGUAGE_STANDARD = "gnu++20";
				CLANG_ENABLE_MODULES = YES;
				CLANG_ENABLE_OBJC_ARC = YES;
				CLANG_ENABLE_OBJC_WEAK = YES;
				CLANG_WARN_BLOCK_CAPTURE_AUTORELEASING = YES;
				CLANG_WARN_BOOL_CONVERSION = YES;
				CLANG_WARN_COMMA = YES;
				CLANG_WARN_CONSTANT_CONVERSION = YES;
				CLANG_WARN_DEPRECATED_OBJC_IMPLEMENTATIONS = YES;
				CLANG_WARN_DIRECT_OBJC_ISA_USAGE = YES_ERROR;
				CLANG_WARN_DOCUMENTATION_COMMENTS = YES;
				CLANG_WARN_EMPTY_BODY = YES;
				CLANG_WARN_ENUM_CONVERSION = YES;
				CLANG_WARN_INFINITE_RECURSION = YES;
				CLANG_WARN_INT_CONVERSION = YES;
				CLANG_WARN_NON_LITERAL_NULL_CONVERSION = YES;
				CLANG_WARN_OBJC_IMPLICIT_RETAIN_SELF = YES;
				CLANG_WARN_OBJC_LITERAL_CONVERSION = YES;
				CLANG_WARN_OBJC_ROOT_CLASS = YES_ERROR;
				CLANG_WARN_QUOTED_INCLUDE_IN_FRAMEWORK_HEADER = YES;
				CLANG_WARN_RANGE_LOOP_ANALYSIS = YES;
				CLANG_WARN_STRICT_PROTOTYPES = YES;
				CLANG_WARN_SUSPICIOUS_MOVE = YES;
				CLANG_WARN_UNGUARDED_AVAILABILITY = YES_AGGRESSIVE;
				CLANG_WARN_UNREACHABLE_CODE = YES;
				CLANG_WARN__DUPLICATE_METHOD_MATCH = YES;
				COPY_PHASE_STRIP = NO;
				DEBUG_INFORMATION_FORMAT = dwarf;
				ENABLE_STRICT_OBJC_MSGSEND = YES;
				ENABLE_TESTABILITY = YES;
				ENABLE_USER_SCRIPT_SANDBOXING = YES;
				GCC_C_LANGUAGE_STANDARD = gnu17;
				GCC_DYNAMIC_NO_PIC = NO;
				GCC_NO_COMMON_BLOCKS = YES;
				GCC_OPTIMIZATION_LEVEL = 0;
				GCC_PREPROCESSOR_DEFINITIONS = (
					"DEBUG=1",
					"$(inherited)",
				);
				GCC_WARN_64_TO_32_BIT_CONVERSION = YES;
				GCC_WARN_ABOUT_RETURN_TYPE = YES_ERROR;
				GCC_WARN_UNDECLARED_SELECTOR = YES;
				GCC_WARN_UNINITIALIZED_AUTOS = YES_AGGRESSIVE;
				GCC_WARN_UNUSED_FUNCTION = YES;
				GCC_WARN_UNUSED_VARIABLE = YES;
				IPHONEOS_DEPLOYMENT_TARGET = 18.2;
				LOCALIZATION_PREFERS_STRING_CATALOGS = YES;
				MTL_ENABLE_DEBUG_INFO = INCLUDE_SOURCE;
				MTL_FAST_MATH = YES;
				ONLY_ACTIVE_ARCH = YES;
				SDKROOT = iphoneos;
				SWIFT_ACTIVE_COMPILATION_CONDITIONS = "DEBUG $(inherited)";
				SWIFT_OPTIMIZATION_LEVEL = "-Onone";
			};
			name = Debug;
		};
		9497B3672DB2820300FB8B92 /* Release */ = {
			isa = XCBuildConfiguration;
			buildSettings = {
				ALWAYS_SEARCH_USER_PATHS = NO;
				ASSETCATALOG_COMPILER_GENERATE_SWIFT_ASSET_SYMBOL_EXTENSIONS = YES;
				CLANG_ANALYZER_NONNULL = YES;
				CLANG_ANALYZER_NUMBER_OBJECT_CONVERSION = YES_AGGRESSIVE;
				CLANG_CXX_LANGUAGE_STANDARD = "gnu++20";
				CLANG_ENABLE_MODULES = YES;
				CLANG_ENABLE_OBJC_ARC = YES;
				CLANG_ENABLE_OBJC_WEAK = YES;
				CLANG_WARN_BLOCK_CAPTURE_AUTORELEASING = YES;
				CLANG_WARN_BOOL_CONVERSION = YES;
				CLANG_WARN_COMMA = YES;
				CLANG_WARN_CONSTANT_CONVERSION = YES;
				CLANG_WARN_DEPRECATED_OBJC_IMPLEMENTATIONS = YES;
				CLANG_WARN_DIRECT_OBJC_ISA_USAGE = YES_ERROR;
				CLANG_WARN_DOCUMENTATION_COMMENTS = YES;
				CLANG_WARN_EMPTY_BODY = YES;
				CLANG_WARN_ENUM_CONVERSION = YES;
				CLANG_WARN_INFINITE_RECURSION = YES;
				CLANG_WARN_INT_CONVERSION = YES;
				CLANG_WARN_NON_LITERAL_NULL_CONVERSION = YES;
				CLANG_WARN_OBJC_IMPLICIT_RETAIN_SELF = YES;
				CLANG_WARN_OBJC_LITERAL_CONVERSION = YES;
				CLANG_WARN_OBJC_ROOT_CLASS = YES_ERROR;
				CLANG_WARN_QUOTED_INCLUDE_IN_FRAMEWORK_HEADER = YES;
				CLANG_WARN_RANGE_LOOP_ANALYSIS = YES;
				CLANG_WARN_STRICT_PROTOTYPES = YES;
				CLANG_WARN_SUSPICIOUS_MOVE = YES;
				CLANG_WARN_UNGUARDED_AVAILABILITY = YES_AGGRESSIVE;
				CLANG_WARN_UNREACHABLE_CODE = YES;
				CLANG_WARN__DUPLICATE_METHOD_MATCH = YES;
				COPY_PHASE_STRIP = NO;
				DEBUG_INFORMATION_FORMAT = "dwarf-with-dsym";
				ENABLE_NS_ASSERTIONS = NO;
				ENABLE_STRICT_OBJC_MSGSEND = YES;
				ENABLE_USER_SCRIPT_SANDBOXING = YES;
				GCC_C_LANGUAGE_STANDARD = gnu17;
				GCC_NO_COMMON_BLOCKS = YES;
				GCC_WARN_64_TO_32_BIT_CONVERSION = YES;
				GCC_WARN_ABOUT_RETURN_TYPE = YES_ERROR;
				GCC_WARN_UNDECLARED_SELECTOR = YES;
				GCC_WARN_UNINITIALIZED_AUTOS = YES_AGGRESSIVE;
				GCC_WARN_UNUSED_FUNCTION = YES;
				GCC_WARN_UNUSED_VARIABLE = YES;
				IPHONEOS_DEPLOYMENT_TARGET = 18.2;
				LOCALIZATION_PREFERS_STRING_CATALOGS = YES;
				MTL_ENABLE_DEBUG_INFO = NO;
				MTL_FAST_MATH = YES;
				SDKROOT = iphoneos;
				SWIFT_COMPILATION_MODE = wholemodule;
				VALIDATE_PRODUCT = YES;
			};
			name = Release;
		};
/* End XCBuildConfiguration section */

/* Begin XCConfigurationList section */
		9497B34B2DB281FD00FB8B92 /* Build configuration list for PBXProject "Jokes" */ = {
			isa = XCConfigurationList;
			buildConfigurations = (
				9497B3662DB2820300FB8B92 /* Debug */,
				9497B3672DB2820300FB8B92 /* Release */,
			);
			defaultConfigurationIsVisible = 0;
			defaultConfigurationName = Release;
		};
		9497B3632DB2820300FB8B92 /* Build configuration list for PBXNativeTarget "Jokes" */ = {
			isa = XCConfigurationList;
			buildConfigurations = (
				9497B3642DB2820300FB8B92 /* Debug */,
				9497B3652DB2820300FB8B92 /* Release */,
			);
			defaultConfigurationIsVisible = 0;
			defaultConfigurationName = Release;
		};
/* End XCConfigurationList section */
	};
	rootObject = 9497B3482DB281FD00FB8B92 /* Project object */;
}
